Microsoft Visual Studio Solution File, Format Version 12.00
# Visual Studio Version 17
VisualStudioVersion = 17.5.2.0
MinimumVisualStudioVersion = 10.0.40219.1
Project("{9A19103F-16F7-4668-BE54-9A1E7A4F7556}") = "NexAPI", "NexAPI.csproj", "{7371E124-CC8B-B2B1-9EFD-A64F8756B4D1}"
EndProject
Global
	GlobalSection(SolutionConfigurationPlatforms) = preSolution
		Debug|Any CPU = Debug|Any CPU
		Release|Any CPU = Release|Any CPU
	EndGlobalSection
	GlobalSection(ProjectConfigurationPlatforms) = postSolution
		{7371E124-CC8B-B2B1-9EFD-A64F8756B4D1}.Debug|Any CPU.ActiveCfg = Debug|Any CPU
		{7371E124-CC8B-B2B1-9EFD-A64F8756B4D1}.Debug|Any CPU.Build.0 = Debug|Any CPU
		{7371E124-CC8B-B2B1-9EFD-A64F8756B4D1}.Release|Any CPU.ActiveCfg = Release|Any CPU
		{7371E124-CC8B-B2B1-9EFD-A64F8756B4D1}.Release|Any CPU.Build.0 = Release|Any CPU
	EndGlobalSection
	GlobalSection(SolutionProperties) = preSolution
		HideSolutionNode = FALSE
	EndGlobalSection
	GlobalSection(ExtensibilityGlobals) = postSolution
		SolutionGuid = {F7E088C7-482B-4F7E-B268-53707838CB2B}
	EndGlobalSection
EndGlobal
